// !$*UTF8*$!
{
	archiveVersion = 1;
	classes = {
	};
	objectVersion = 77;
	objects = {

/* Begin PBXBuildFile section */
		6FDCEF612F6F03B5000FB080 /* MWDATCamera in Frameworks */ = {isa = PBXBuildFile; productRef = 6FDCEF602F6F03B5000FB080 /* MWDATCamera */; };
		6FDCEF632F6F03B5000FB080 /* MWDATCore in Frameworks */ = {isa = PBXBuildFile; productRef = 6FDCEF622F6F03B5000FB080 /* MWDATCore */; };
		6FDCEF652F6F03B5000FB080 /* MWDATMockDevice in Frameworks */ = {isa = PBXBuildFile; productRef = 6FDCEF642F6F03B5000FB080 /* MWDATMockDevice */; };
/* End PBXBuildFile section */

/* Begin PBXFileReference section */
		6FDCEF512F6F0387000FB080 /* emory.app */ = {isa = PBXFileReference; explicitFileType = wrapper.application; includeInIndex = 0; path = emory.app; sourceTree = BUILT_PRODUCTS_DIR; };
/* End PBXFileReference section */

/* Begin PBXFileSystemSynchronizedBuildFileExceptionSet section */
		6FDCEFD82F6F086B000FB080 /* Exceptions for "emory" folder in "emory" target */ = {
			isa = PBXFileSystemSynchronizedBuildFileExceptionSet;
			membershipExceptions = (
				Info.plist,
			);
			target = 6FDCEF502F6F0387000FB080 /* emory */;
		};
/* End PBXFileSystemSynchronizedBuildFileExceptionSet section */

/* Begin PBXFileSystemSynchronizedRootGroup section */
		6FDCEF532F6F0387000FB080 /* emory */ = {
			isa = PBXFileSystemSynchronizedRootGroup;
			exceptions = (
				6FDCEFD82F6F086B000FB080 /* Exceptions for "emory" folder in "emory" target */,
			);
			path = emory;
			sourceTree = "<group>";
		};
/* End PBXFileSystemSynchronizedRootGroup section */

/* Begin PBXFrameworksBuildPhase section */
		6FDCEF4E2F6F0387000FB080 /* Frameworks */ = {
			isa = PBXFrameworksBuildPhase;
			buildActionMask = 2147483647;
			files = (
				6FDCEF612F6F03B5000FB080 /* MWDATCamera in Frameworks */,
				6FDCEF652F6F03B5000FB080 /* MWDATMockDevice in Frameworks */,
				6FDCEF632F6F03B5000FB080 /* MWDATCore in Frameworks */,
			);
			runOnlyForDeploymentPostprocessing = 0;
		};
/* End PBXFrameworksBuildPhase section */

/* Begin PBXGroup section */
		6FDCEF482F6F0387000FB080 = {
			isa = PBXGroup;
			children = (
				6FDCEF532F6F0387000FB080 /* emory */,
				6FDCEF522F6F0387000FB080 /* Products */,
			);
			sourceTree = "<group>";
		};
		6FDCEF522F6F0387000FB080 /* Products */ = {
			isa = PBXGroup;
			children = (
				6FDCEF512F6F0387000FB080 /* emory.app */,
			);
			name = Products;
			sourceTree = "<group>";
		};
/* End PBXGroup section */

/* Begin PBXNativeTarget section */
		6FDCEF502F6F0387000FB080 /* emory */ = {
			isa = PBXNativeTarget;
			buildConfigurationList = 6FDCEF5C2F6F0388000FB080 /* Build configuration list for PBXNativeTarget "emory" */;
			buildPhases = (
				6FDCEF4D2F6F0387000FB080 /* Sources */,
				6FDCEF4E2F6F0387000FB080 /* Frameworks */,
				6FDCEF4F2F6F0387000FB080 /* Resources */,
			);
			buildRules = (
			);
			dependencies = (
			);
			fileSystemSynchronizedGroups = (
				6FDCEF532F6F0387000FB080 /* emory */,
			);
			name = emory;
			packageProductDependencies = (
				6FDCEF602F6F03B5000FB080 /* MWDATCamera */,
				6FDCEF622F6F03B5000FB080 /* MWDATCore */,
				6FDCEF642F6F03B5000FB080 /* MWDATMockDevice */,
			);
			productName = emory;
			productReference = 6FDCEF512F6F0387000FB080 /* emory.app */;
			productType = "com.apple.product-type.application";
		};
/* End PBXNativeTarget section */

/* Begin PBXProject section */
		6FDCEF492F6F0387000FB080 /* Project object */ = {
			isa = PBXProject;
			attributes = {
				BuildIndependentTargetsInParallel = 1;
				LastSwiftUpdateCheck = 2630;
				LastUpgradeCheck = 2630;
				TargetAttributes = {
					6FDCEF502F6F0387000FB080 = {
						CreatedOnToolsVersion = 26.3;
					};
				};
			};
			buildConfigurationList = 6FDCEF4C2F6F0387000FB080 /* Build configuration list for PBXProject "emory" */;
			developmentRegion = en;
			hasScannedForEncodings = 0;
			knownRegions = (
				en,
				Base,
			);
			mainGroup = 6FDCEF482F6F0387000FB080;
			minimizedProjectReferenceProxies = 1;
			packageReferences = (
				6FDCEF5F2F6F03B5000FB080 /* XCRemoteSwiftPackageReference "meta-wearables-dat-ios" */,
			);
			preferredProjectObjectVersion = 77;
			productRefGroup = 6FDCEF522F6F0387000FB080 /* Products */;
			projectDirPath = "";
			projectRoot = "";
			targets = (
				6FDCEF502F6F0387000FB080 /* emory */,
			);
		};
/* End PBXProject section */

/* Begin PBXResourcesBuildPhase section */
		6FDCEF4F2F6F0387000FB080 /* Resources */ = {
			isa = PBXResourcesBuildPhase;
			buildActionMask = 2147483647;
			files = (
			);
			runOnlyForDeploymentPostprocessing = 0;
		};
/* End PBXResourcesBuildPhase section */

/* Begin PBXSourcesBuildPhase section */
		6FDCEF4D2F6F0387000FB080 /* Sources */ = {
			isa = PBXSourcesBuildPhase;
			buildActionMask = 2147483647;
			files = (
			);
			runOnlyForDeploymentPostprocessing = 0;
		};
/* End PBXSourcesBuildPhase section */

/* Begin XCBuildConfiguration section */
		6FDCEF5A2F6F0388000FB080 /* Debug */ = {
			isa = XCBuildConfiguration;
			buildSettings = {
				ALWAYS_SEARCH_USER_PATHS = NO;
				ASSETCATALOG_COMPILER_GENERATE_SWIFT_ASSET_SYMBOL_EXTENSIONS = YES;
				CLANG_ANALYZER_NONNULL = YES;
				CLANG_ANALYZER_NUMBER_OBJECT_CONVERSION = YES_AGGRESSIVE;
				CLANG_CXX_LANGUAGE_STANDARD = "gnu++20";
				CLANG_ENABLE_MODULES = YES;
				CLANG_ENABLE_OBJC_ARC = YES;
				CLANG_ENABLE_OBJC_WEAK = YES;
				CLANG_WARN_BLOCK_CAPTURE_AUTORELEASING = YES;
				CLANG_WARN_BOOL_CONVERSION = YES;
				CLANG_WARN_COMMA = YES;
				CLANG_WARN_CONSTANT_CONVERSION = YES;
				CLANG_WARN_DEPRECATED_OBJC_IMPLEMENTATIONS = YES;
				CLANG_WARN_DIRECT_OBJC_ISA_USAGE = YES_ERROR;
				CLANG_WARN_DOCUMENTATION_COMMENTS = YES;
				CLANG_WARN_EMPTY_BODY = YES;
				CLANG_WARN_ENUM_CONVERSION = YES;
				CLANG_WARN_INFINITE_RECURSION = YES;
				CLANG_WARN_INT_CONVERSION = YES;
				CLANG_WARN_NON_LITERAL_NULL_CONVERSION = YES;
				CLANG_WARN_OBJC_IMPLICIT_RETAIN_SELF = YES;
				CLANG_WARN_OBJC_LITERAL_CONVERSION = YES;
				CLANG_WARN_OBJC_ROOT_CLASS = YES_ERROR;
				CLANG_WARN_QUOTED_INCLUDE_IN_FRAMEWORK_HEADER = YES;
				CLANG_WARN_RANGE_LOOP_ANALYSIS = YES;
				CLANG_WARN_STRICT_PROTOTYPES = YES;
				CLANG_WARN_SUSPICIOUS_MOVE = YES;
				CLANG_WARN_UNGUARDED_AVAILABILITY = YES_AGGRESSIVE;
				CLANG_WARN_UNREACHABLE_CODE = YES;
				CLANG_WARN__DUPLICATE_METHOD_MATCH = YES;
				COPY_PHASE_STRIP = NO;
				DEBUG_INFORMATION_FORMAT = dwarf;
				DEVELOPMENT_TEAM = KR7X8BFHBU;
				ENABLE_STRICT_OBJC_MSGSEND = YES;
				ENABLE_TESTABILITY = YES;
				ENABLE_USER_SCRIPT_SANDBOXING = YES;
				GCC_C_LANGUAGE_STANDARD = gnu17;
				GCC_DYNAMIC_NO_PIC = NO;
				GCC_NO_COMMON_BLOCKS = YES;
				GCC_OPTIMIZATION_LEVEL = 0;
				GCC_PREPROCESSOR_DEFINITIONS = (
					"DEBUG=1",
					"$(inherited)",
				);
				GCC_WARN_64_TO_32_BIT_CONVERSION = YES;
				GCC_WARN_ABOUT_RETURN_TYPE = YES_ERROR;
				GCC_WARN_UNDECLARED_SELECTOR = YES;
				GCC_WARN_UNINITIALIZED_AUTOS = YES_AGGRESSIVE;
				GCC_WARN_UNUSED_FUNCTION = YES;
				GCC_WARN_UNUSED_VARIABLE = YES;
				LOCALIZATION_PREFERS_STRING_CATALOGS = YES;
				MTL_ENABLE_DEBUG_INFO = INCLUDE_SOURCE;
				MTL_FAST_MATH = YES;
				ONLY_ACTIVE_ARCH = YES;
				PRODUCT_NAME = emory;
				SWIFT_ACTIVE_COMPILATION_CONDITIONS = "DEBUG $(inherited)";
				SWIFT_OPTIMIZATION_LEVEL = "-Onone";
			};
			name = Debug;
		};
		6FDCEF5B2F6F0388000FB080 /* Release */ = {
			isa = XCBuildConfiguration;
			buildSettings = {
				ALWAYS_SEARCH_USER_PATHS = NO;
				ASSETCATALOG_COMPILER_GENERATE_SWIFT_ASSET_SYMBOL_EXTENSIONS = YES;
				CLANG_ANALYZER_NONNULL = YES;
				CLANG_ANALYZER_NUMBER_OBJECT_CONVERSION = YES_AGGRESSIVE;
				CLANG_CXX_LANGUAGE_STANDARD = "gnu++20";
				CLANG_ENABLE_MODULES = YES;
				CLANG_ENABLE_OBJC_ARC = YES;
				CLANG_ENABLE_OBJC_WEAK = YES;
				CLANG_WARN_BLOCK_CAPTURE_AUTORELEASING = YES;
				CLANG_WARN_BOOL_CONVERSION = YES;
				CLANG_WARN_COMMA = YES;
				CLANG_WARN_CONSTANT_CONVERSION = YES;
				CLANG_WARN_DEPRECATED_OBJC_IMPLEMENTATIONS = YES;
				CLANG_WARN_DIRECT_OBJC_ISA_USAGE = YES_ERROR;
				CLANG_WARN_DOCUMENTATION_COMMENTS = YES;
				CLANG_WARN_EMPTY_BODY = YES;
				CLANG_WARN_ENUM_CONVERSION = YES;
				CLANG_WARN_INFINITE_RECURSION = YES;
				CLANG_WARN_INT_CONVERSION = YES;
				CLANG_WARN_NON_LITERAL_NULL_CONVERSION = YES;
				CLANG_WARN_OBJC_IMPLICIT_RETAIN_SELF = YES;
				CLANG_WARN_OBJC_LITERAL_CONVERSION = YES;
				CLANG_WARN_OBJC_ROOT_CLASS = YES_ERROR;
				CLANG_WARN_QUOTED_INCLUDE_IN_FRAMEWORK_HEADER = YES;
				CLANG_WARN_RANGE_LOOP_ANALYSIS = YES;
				CLANG_WARN_STRICT_PROTOTYPES = YES;
				CLANG_WARN_SUSPICIOUS_MOVE = YES;
				CLANG_WARN_UNGUARDED_AVAILABILITY = YES_AGGRESSIVE;
				CLANG_WARN_UNREACHABLE_CODE = YES;
				CLANG_WARN__DUPLICATE_METHOD_MATCH = YES;
				COPY_PHASE_STRIP = NO;
				DEBUG_INFORMATION_FORMAT = "dwarf-with-dsym";
				DEVELOPMENT_TEAM = KR7X8BFHBU;
				ENABLE_NS_ASSERTIONS = NO;
				ENABLE_STRICT_OBJC_MSGSEND = YES;
				ENABLE_USER_SCRIPT_SANDBOXING = YES;
				GCC_C_LANGUAGE_STANDARD = gnu17;
				GCC_NO_COMMON_BLOCKS = YES;
				GCC_WARN_64_TO_32_BIT_CONVERSION = YES;
				GCC_WARN_ABOUT_RETURN_TYPE = YES_ERROR;
				GCC_WARN_UNDECLARED_SELECTOR = YES;
				GCC_WARN_UNINITIALIZED_AUTOS = YES_AGGRESSIVE;
				GCC_WARN_UNUSED_FUNCTION = YES;
				GCC_WARN_UNUSED_VARIABLE = YES;
				LOCALIZATION_PREFERS_STRING_CATALOGS = YES;
				MTL_ENABLE_DEBUG_INFO = NO;
				MTL_FAST_MATH = YES;
				PRODUCT_NAME = emory;
				SWIFT_COMPILATION_MODE = wholemodule;
			};
			name = Release;
		};
		6FDCEF5D2F6F0388000FB080 /* Debug */ = {
			isa = XCBuildConfiguration;
			buildSettings = {
				ASSETCATALOG_COMPILER_GLOBAL_ACCENT_COLOR_NAME = AccentColor;
				CODE_SIGN_STYLE = Automatic;
				DEVELOPMENT_TEAM = KR7X8BFHBU;
				ENABLE_APP_SANDBOX = YES;
				ENABLE_HARDENED_RUNTIME = YES;
				ENABLE_PREVIEWS = YES;
				ENABLE_USER_SELECTED_FILES = readonly;
				INFOPLIST_FILE = emory/Info.plist;
				IPHONEOS_DEPLOYMENT_TARGET = 26.2;
				LD_RUNPATH_SEARCH_PATHS = "@executable_path/Frameworks";
				"LD_RUNPATH_SEARCH_PATHS[sdk=macosx*]" = "@executable_path/../Frameworks";
				MACOSX_DEPLOYMENT_TARGET = 26.2;
				PRODUCT_BUNDLE_IDENTIFIER = com.ryanlekuch.emory;
				REGISTER_APP_GROUPS = YES;
				SDKROOT = auto;
				STRING_CATALOG_GENERATE_SYMBOLS = YES;
				SUPPORTED_PLATFORMS = "iphoneos iphonesimulator";
				SUPPORTS_MACCATALYST = NO;
				SWIFT_APPROACHABLE_CONCURRENCY = YES;
				SWIFT_DEFAULT_ACTOR_ISOLATION = MainActor;
				SWIFT_EMIT_LOC_STRINGS = YES;
				SWIFT_UPCOMING_FEATURE_MEMBER_IMPORT_VISIBILITY = YES;
				SWIFT_VERSION = 5.0;
				XROS_DEPLOYMENT_TARGET = 26.2;
			};
			name = Debug;
		};
		6FDCEF5E2F6F0388000FB080 /* Release */ = {
			isa = XCBuildConfiguration;
			buildSettings = {
				ASSETCATALOG_COMPILER_GLOBAL_ACCENT_COLOR_NAME = AccentColor;
				CODE_SIGN_STYLE = Automatic;
				DEVELOPMENT_TEAM = KR7X8BFHBU;
				ENABLE_APP_SANDBOX = YES;
				ENABLE_HARDENED_RUNTIME = YES;
				ENABLE_PREVIEWS = YES;
				ENABLE_USER_SELECTED_FILES = readonly;
				INFOPLIST_FILE = emory/Info.plist;
				IPHONEOS_DEPLOYMENT_TARGET = 26.2;
				LD_RUNPATH_SEARCH_PATHS = "@executable_path/Frameworks";
				"LD_RUNPATH_SEARCH_PATHS[sdk=macosx*]" = "@executable_path/../Frameworks";
				MACOSX_DEPLOYMENT_TARGET = 26.2;
				PRODUCT_BUNDLE_IDENTIFIER = com.ryanlekuch.emory;
				REGISTER_APP_GROUPS = YES;
				SDKROOT = auto;
				STRING_CATALOG_GENERATE_SYMBOLS = YES;
				SUPPORTED_PLATFORMS = "iphoneos iphonesimulator";
				SUPPORTS_MACCATALYST = NO;
				SWIFT_APPROACHABLE_CONCURRENCY = YES;
				SWIFT_DEFAULT_ACTOR_ISOLATION = MainActor;
				SWIFT_EMIT_LOC_STRINGS = YES;
				SWIFT_UPCOMING_FEATURE_MEMBER_IMPORT_VISIBILITY = YES;
				SWIFT_VERSION = 5.0;
				XROS_DEPLOYMENT_TARGET = 26.2;
			};
			name = Release;
		};
/* End XCBuildConfiguration section */

/* Begin XCConfigurationList section */
		6FDCEF4C2F6F0387000FB080 /* Build configuration list for PBXProject "emory" */ = {
			isa = XCConfigurationList;
			buildConfigurations = (
				6FDCEF5A2F6F0388000FB080 /* Debug */,
				6FDCEF5B2F6F0388000FB080 /* Release */,
			);
			defaultConfigurationIsVisible = 0;
			defaultConfigurationName = Release;
		};
		6FDCEF5C2F6F0388000FB080 /* Build configuration list for PBXNativeTarget "emory" */ = {
			isa = XCConfigurationList;
			buildConfigurations = (
				6FDCEF5D2F6F0388000FB080 /* Debug */,
				6FDCEF5E2F6F0388000FB080 /* Release */,
			);
			defaultConfigurationIsVisible = 0;
			defaultConfigurationName = Release;
		};
/* End XCConfigurationList section */

/* Begin XCRemoteSwiftPackageReference section */
		6FDCEF5F2F6F03B5000FB080 /* XCRemoteSwiftPackageReference "meta-wearables-dat-ios" */ = {
			isa = XCRemoteSwiftPackageReference;
			repositoryURL = "https://github.com/facebook/meta-wearables-dat-ios";
			requirement = {
				kind = upToNextMajorVersion;
				minimumVersion = 0.5.0;
			};
		};
/* End XCRemoteSwiftPackageReference section */

/* Begin XCSwiftPackageProductDependency section */
		6FDCEF602F6F03B5000FB080 /* MWDATCamera */ = {
			isa = XCSwiftPackageProductDependency;
			package = 6FDCEF5F2F6F03B5000FB080 /* XCRemoteSwiftPackageReference "meta-wearables-dat-ios" */;
			productName = MWDATCamera;
		};
		6FDCEF622F6F03B5000FB080 /* MWDATCore */ = {
			isa = XCSwiftPackageProductDependency;
			package = 6FDCEF5F2F6F03B5000FB080 /* XCRemoteSwiftPackageReference "meta-wearables-dat-ios" */;
			productName = MWDATCore;
		};
		6FDCEF642F6F03B5000FB080 /* MWDATMockDevice */ = {
			isa = XCSwiftPackageProductDependency;
			package = 6FDCEF5F2F6F03B5000FB080 /* XCRemoteSwiftPackageReference "meta-wearables-dat-ios" */;
			productName = MWDATMockDevice;
		};
/* End XCSwiftPackageProductDependency section */
	};
	rootObject = 6FDCEF492F6F0387000FB080 /* Project object */;
}
